
Microsoft Visual Studio Solution File, Format Version 12.00
# Visual Studio Version 16
VisualStudioVersion = 16.0.30523.141
MinimumVisualStudioVersion = 10.0.40219.1
Project("{FAE04EC0-301F-11D3-BF4B-00C04F79EFBC}") = "MauroGay_SwapArrays", "MauroGay_SwapArrays\MauroGay_SwapArrays.csproj", "{E87434F5-C8F3-43DF-82E7-BE0EE6D00C5F}"
EndProject
Project("{FAE04EC0-301F-11D3-BF4B-00C04F79EFBC}") = "ClassLibrary1.Tests", "UnitTestProject1\ClassLibrary1.Tests.csproj", "{5DD540D8-08F2-4A7C-B19F-C2BC1FF51C8E}"
EndProject
Project("{FAE04EC0-301F-11D3-BF4B-00C04F79EFBC}") = "ClassLibrary1", "ClassLibrary1\ClassLibrary1.csproj", "{5F97AF57-FDDC-45DB-A07F-6F834B79D917}"
EndProject
Global
	GlobalSection(SolutionConfigurationPlatforms) = preSolution
		Debug|Any CPU = Debug|Any CPU
		Release|Any CPU = Release|Any CPU
	EndGlobalSection
	GlobalSection(ProjectConfigurationPlatforms) = postSolution
		{E87434F5-C8F3-43DF-82E7-BE0EE6D00C5F}.Debug|Any CPU.ActiveCfg = Debug|Any CPU
		{E87434F5-C8F3-43DF-82E7-BE0EE6D00C5F}.Debug|Any CPU.Build.0 = Debug|Any CPU
		{E87434F5-C8F3-43DF-82E7-BE0EE6D00C5F}.Release|Any CPU.ActiveCfg = Release|Any CPU
		{E87434F5-C8F3-43DF-82E7-BE0EE6D00C5F}.Release|Any CPU.Build.0 = Release|Any CPU
		{5DD540D8-08F2-4A7C-B19F-C2BC1FF51C8E}.Debug|Any CPU.ActiveCfg = Debug|Any CPU
		{5DD540D8-08F2-4A7C-B19F-C2BC1FF51C8E}.Debug|Any CPU.Build.0 = Debug|Any CPU
		{5DD540D8-08F2-4A7C-B19F-C2BC1FF51C8E}.Release|Any CPU.ActiveCfg = Release|Any CPU
		{5DD540D8-08F2-4A7C-B19F-C2BC1FF51C8E}.Release|Any CPU.Build.0 = Release|Any CPU
		{5F97AF57-FDDC-45DB-A07F-6F834B79D917}.Debug|Any CPU.ActiveCfg = Debug|Any CPU
		{5F97AF57-FDDC-45DB-A07F-6F834B79D917}.Debug|Any CPU.Build.0 = Debug|Any CPU
		{5F97AF57-FDDC-45DB-A07F-6F834B79D917}.Release|Any CPU.ActiveCfg = Release|Any CPU
		{5F97AF57-FDDC-45DB-A07F-6F834B79D917}.Release|Any CPU.Build.0 = Release|Any CPU
	EndGlobalSection
	GlobalSection(SolutionProperties) = preSolution
		HideSolutionNode = FALSE
	EndGlobalSection
	GlobalSection(ExtensibilityGlobals) = postSolution
		SolutionGuid = {10B3D236-D908-4415-8349-8CCE57A84625}
	EndGlobalSection
EndGlobal
